
Microsoft Visual Studio Solution File, Format Version 12.00
# Visual Studio Version 16
VisualStudioVersion = 16.0.30621.155
MinimumVisualStudioVersion = 10.0.40219.1
Project("{FAE04EC0-301F-11D3-BF4B-00C04F79EFBC}") = "GestionDeStockI3M", "GestionDeStockI3M\GestionDeStockI3M.csproj", "{E25CD4F5-8FC1-43CF-BCE0-565DDBA8AFFA}"
	ProjectSection(ProjectDependencies) = postProject
		{10C50E47-C148-4F26-A566-442FFF8A4E13} = {10C50E47-C148-4F26-A566-442FFF8A4E13}
	EndProjectSection
EndProject
Project("{FAE04EC0-301F-11D3-BF4B-00C04F79EFBC}") = "GestionDeStockI3MServiceWCF", "GestionDeStockI3MServiceWCF\GestionDeStockI3MServiceWCF.csproj", "{10C50E47-C148-4F26-A566-442FFF8A4E13}"
EndProject
Global
	GlobalSection(SolutionConfigurationPlatforms) = preSolution
		Debug|Any CPU = Debug|Any CPU
		Release|Any CPU = Release|Any CPU
	EndGlobalSection
	GlobalSection(ProjectConfigurationPlatforms) = postSolution
		{E25CD4F5-8FC1-43CF-BCE0-565DDBA8AFFA}.Debug|Any CPU.ActiveCfg = Debug|Any CPU
		{E25CD4F5-8FC1-43CF-BCE0-565DDBA8AFFA}.Debug|Any CPU.Build.0 = Debug|Any CPU
		{E25CD4F5-8FC1-43CF-BCE0-565DDBA8AFFA}.Release|Any CPU.ActiveCfg = Release|Any CPU
		{E25CD4F5-8FC1-43CF-BCE0-565DDBA8AFFA}.Release|Any CPU.Build.0 = Release|Any CPU
		{10C50E47-C148-4F26-A566-442FFF8A4E13}.Debug|Any CPU.ActiveCfg = Debug|Any CPU
		{10C50E47-C148-4F26-A566-442FFF8A4E13}.Debug|Any CPU.Build.0 = Debug|Any CPU
		{10C50E47-C148-4F26-A566-442FFF8A4E13}.Release|Any CPU.ActiveCfg = Release|Any CPU
		{10C50E47-C148-4F26-A566-442FFF8A4E13}.Release|Any CPU.Build.0 = Release|Any CPU
	EndGlobalSection
	GlobalSection(SolutionProperties) = preSolution
		HideSolutionNode = FALSE
	EndGlobalSection
	GlobalSection(ExtensibilityGlobals) = postSolution
		SolutionGuid = {D80A367E-4C24-4B24-8A5C-D1875D612089}
	EndGlobalSection
EndGlobal
